
Microsoft Visual Studio Solution File, Format Version 12.00
# Visual Studio 15
VisualStudioVersion = 15.0.28307.1022
MinimumVisualStudioVersion = 10.0.40219.1
Project("{00D1A9C2-B5F0-4AF3-8072-F6C62B433612}") = "tsqlCodex", "tsqlCodex\tsqlCodex.sqlproj", "{35E759DC-EEC6-4BFC-892E-6E3B8A919426}"
EndProject
Global
	GlobalSection(SolutionConfigurationPlatforms) = preSolution
		Debug|Any CPU = Debug|Any CPU
		Release|Any CPU = Release|Any CPU
	EndGlobalSection
	GlobalSection(ProjectConfigurationPlatforms) = postSolution
		{35E759DC-EEC6-4BFC-892E-6E3B8A919426}.Debug|Any CPU.ActiveCfg = Debug|Any CPU
		{35E759DC-EEC6-4BFC-892E-6E3B8A919426}.Debug|Any CPU.Build.0 = Debug|Any CPU
		{35E759DC-EEC6-4BFC-892E-6E3B8A919426}.Debug|Any CPU.Deploy.0 = Debug|Any CPU
		{35E759DC-EEC6-4BFC-892E-6E3B8A919426}.Release|Any CPU.ActiveCfg = Release|Any CPU
		{35E759DC-EEC6-4BFC-892E-6E3B8A919426}.Release|Any CPU.Build.0 = Release|Any CPU
		{35E759DC-EEC6-4BFC-892E-6E3B8A919426}.Release|Any CPU.Deploy.0 = Release|Any CPU
	EndGlobalSection
	GlobalSection(SolutionProperties) = preSolution
		HideSolutionNode = FALSE
	EndGlobalSection
	GlobalSection(ExtensibilityGlobals) = postSolution
		SolutionGuid = {03C1CDA2-FA48-48A0-AF32-B8382AE57840}
	EndGlobalSection
EndGlobal
